
Microsoft Visual Studio Solution File, Format Version 12.00
# Visual Studio Version 17
VisualStudioVersion = 17.9.34310.174
MinimumVisualStudioVersion = 10.0.40219.1
Project("{FAE04EC0-301F-11D3-BF4B-00C04F79EFBC}") = "FunctionApp2", "FunctionApp2\FunctionApp2.csproj", "{7B09E2CE-5D1C-4688-A2C5-1AF1861D9891}"
EndProject
Global
	GlobalSection(SolutionConfigurationPlatforms) = preSolution
		Debug|Any CPU = Debug|Any CPU
		Release|Any CPU = Release|Any CPU
	EndGlobalSection
	GlobalSection(ProjectConfigurationPlatforms) = postSolution
		{7B09E2CE-5D1C-4688-A2C5-1AF1861D9891}.Debug|Any CPU.ActiveCfg = Debug|Any CPU
		{7B09E2CE-5D1C-4688-A2C5-1AF1861D9891}.Debug|Any CPU.Build.0 = Debug|Any CPU
		{7B09E2CE-5D1C-4688-A2C5-1AF1861D9891}.Release|Any CPU.ActiveCfg = Release|Any CPU
		{7B09E2CE-5D1C-4688-A2C5-1AF1861D9891}.Release|Any CPU.Build.0 = Release|Any CPU
	EndGlobalSection
	GlobalSection(SolutionProperties) = preSolution
		HideSolutionNode = FALSE
	EndGlobalSection
	GlobalSection(ExtensibilityGlobals) = postSolution
		SolutionGuid = {19991E30-DBCC-41F5-BDAA-32F6C066AABD}
	EndGlobalSection
EndGlobal
